filippo.io/mlkem768 v0.0.0-20260214141301-2e7bebc7d88d h1:YyLyABjdrdt2l/E6JAnku4BjhEDXhxQD2bPOnOvy8/M=
filippo.io/mlkem768 v0.0.0-20260214141301-2e7bebc7d88d/go.mod h1:ym4egWKLpazdho3bHx0xuQlCq02ttP+vhxxKO8LgO9c=
github.com/cloudflare/circl v1.6.4 h1:pOXuDTCEYyzydgUpQ0CQz3LsinKjiSk6nNP5Lt5K64U=
github.com/cloudflare/circl v1.6.4/go.mod h1:YxarevkLlbaHuWsxG6vmYNWBEsSp4pnp7j+4VljMavY=
golang.org/x/crypto v0.54.0 h1:YLIA59K4fiNzHzjnZt2tUJQjQtUWfWbeHBqKtk3eScw=
golang.org/x/crypto v0.54.0/go.mod h1:KWL8ny2AZdGR2cWmzeHrp2azQPGogOv+HeQaVEXC2dk=
golang.org/x/sys v0.47.0 h1:o7XGOvZQCADBQQ4Y7VNq2dRWQR7JmOUW8Kxx4ZsNgWs=
golang.org/x/sys v0.47.0/go.mod h1:4GL1E5IUh+htKOUEOaiffhrAeqysfVGipDYzABqnCmw=
